
Microsoft Visual Studio Solution File, Format Version 12.00
# Visual Studio Version 17
VisualStudioVersion = 17.2.32516.85
MinimumVisualStudioVersion = 10.0.40219.1
Project("{FAE04EC0-301F-11D3-BF4B-00C04F79EFBC}") = "APIGateway", "APIGateway\APIGateway.csproj", "{2D962762-813B-4E40-BFF3-C56B11CB47B2}"
EndProject
Project("{2150E333-8FDC-42A3-9474-1A3956D46DE8}") = "Services", "Services", "{45B95242-360D-4AA9-B08F-5245C3571DD8}"
EndProject
Project("{FAE04EC0-301F-11D3-BF4B-00C04F79EFBC}") = "Contact.API", "Services\ContactAPI\Contact.API\Contact.API.csproj", "{A5C0C67C-718B-409B-9292-579ACD963556}"
EndProject
Project("{FAE04EC0-301F-11D3-BF4B-00C04F79EFBC}") = "Reservation.API", "Services\ResAPI\Reservation.API\Reservation.API.csproj", "{E1B00BDB-96AB-4397-8AB3-4549703A4616}"
EndProject
Project("{2150E333-8FDC-42A3-9474-1A3956D46DE8}") = "ContactAPI", "ContactAPI", "{4D98615D-416C-4D42-A7DA-3CD9EAE091E2}"
EndProject
Project("{2150E333-8FDC-42A3-9474-1A3956D46DE8}") = "ReservationAPI", "ReservationAPI", "{732913BE-6DC3-489C-AB91-9EDDF351999B}"
EndProject
Project("{FAE04EC0-301F-11D3-BF4B-00C04F79EFBC}") = "Contact.API.Models", "Services\ContactAPI\Contact.API.Models\Contact.API.Models.csproj", "{C3C54B3F-D9F1-41EA-B0E5-5D6A3066F06F}"
EndProject
Project("{FAE04EC0-301F-11D3-BF4B-00C04F79EFBC}") = "Contact.API.Service", "Services\ContactAPI\Contact.API.Service\Contact.API.Service.csproj", "{4BB07433-15BB-451D-B6C6-F97B9177FCE7}"
EndProject
Project("{FAE04EC0-301F-11D3-BF4B-00C04F79EFBC}") = "Contact.API.Infrastructure", "Services\ContactAPI\Contact.API.Infrastructure\Contact.API.Infrastructure.csproj", "{DD3AAF31-6BE1-4BBD-8BFB-F37A0D69372E}"
EndProject
Project("{FAE04EC0-301F-11D3-BF4B-00C04F79EFBC}") = "Reservation.API.Models", "Services\ResAPI\Reservation.API.Models\Reservation.API.Models.csproj", "{1CAEF723-CA39-4CB9-9544-52EBD24ABFB9}"
EndProject
Project("{FAE04EC0-301F-11D3-BF4B-00C04F79EFBC}") = "Reservation.API.Services", "Services\ResAPI\Reservation.API.Services\Reservation.API.Services.csproj", "{CB417CDE-9B2C-4442-846F-A3A52FA2D3A7}"
EndProject
Project("{FAE04EC0-301F-11D3-BF4B-00C04F79EFBC}") = "Reservation.API.Infrastructure", "Services\ResAPI\Reservation.API.Infrastructure\Reservation.API.Infrastructure.csproj", "{16692DEB-C730-49D9-BC58-0E45852F5518}"
EndProject
Global
	GlobalSection(SolutionConfigurationPlatforms) = preSolution
		Debug|Any CPU = Debug|Any CPU
		Release|Any CPU = Release|Any CPU
	EndGlobalSection
	GlobalSection(ProjectConfigurationPlatforms) = postSolution
		{2D962762-813B-4E40-BFF3-C56B11CB47B2}.Debug|Any CPU.ActiveCfg = Debug|Any CPU
		{2D962762-813B-4E40-BFF3-C56B11CB47B2}.Debug|Any CPU.Build.0 = Debug|Any CPU
		{2D962762-813B-4E40-BFF3-C56B11CB47B2}.Release|Any CPU.ActiveCfg = Release|Any CPU
		{2D962762-813B-4E40-BFF3-C56B11CB47B2}.Release|Any CPU.Build.0 = Release|Any CPU
		{A5C0C67C-718B-409B-9292-579ACD963556}.Debug|Any CPU.ActiveCfg = Debug|Any CPU
		{A5C0C67C-718B-409B-9292-579ACD963556}.Debug|Any CPU.Build.0 = Debug|Any CPU
		{A5C0C67C-718B-409B-9292-579ACD963556}.Release|Any CPU.ActiveCfg = Release|Any CPU
		{A5C0C67C-718B-409B-9292-579ACD963556}.Release|Any CPU.Build.0 = Release|Any CPU
		{E1B00BDB-96AB-4397-8AB3-4549703A4616}.Debug|Any CPU.ActiveCfg = Debug|Any CPU
		{E1B00BDB-96AB-4397-8AB3-4549703A4616}.Debug|Any CPU.Build.0 = Debug|Any CPU
		{E1B00BDB-96AB-4397-8AB3-4549703A4616}.Release|Any CPU.ActiveCfg = Release|Any CPU
		{E1B00BDB-96AB-4397-8AB3-4549703A4616}.Release|Any CPU.Build.0 = Release|Any CPU
		{C3C54B3F-D9F1-41EA-B0E5-5D6A3066F06F}.Debug|Any CPU.ActiveCfg = Debug|Any CPU
		{C3C54B3F-D9F1-41EA-B0E5-5D6A3066F06F}.Debug|Any CPU.Build.0 = Debug|Any CPU
		{C3C54B3F-D9F1-41EA-B0E5-5D6A3066F06F}.Release|Any CPU.ActiveCfg = Release|Any CPU
		{C3C54B3F-D9F1-41EA-B0E5-5D6A3066F06F}.Release|Any CPU.Build.0 = Release|Any CPU
		{4BB07433-15BB-451D-B6C6-F97B9177FCE7}.Debug|Any CPU.ActiveCfg = Debug|Any CPU
		{4BB07433-15BB-451D-B6C6-F97B9177FCE7}.Debug|Any CPU.Build.0 = Debug|Any CPU
		{4BB07433-15BB-451D-B6C6-F97B9177FCE7}.Release|Any CPU.ActiveCfg = Release|Any CPU
		{4BB07433-15BB-451D-B6C6-F97B9177FCE7}.Release|Any CPU.Build.0 = Release|Any CPU
		{DD3AAF31-6BE1-4BBD-8BFB-F37A0D69372E}.Debug|Any CPU.ActiveCfg = Debug|Any CPU
		{DD3AAF31-6BE1-4BBD-8BFB-F37A0D69372E}.Debug|Any CPU.Build.0 = Debug|Any CPU
		{DD3AAF31-6BE1-4BBD-8BFB-F37A0D69372E}.Release|Any CPU.ActiveCfg = Release|Any CPU
		{DD3AAF31-6BE1-4BBD-8BFB-F37A0D69372E}.Release|Any CPU.Build.0 = Release|Any CPU
		{1CAEF723-CA39-4CB9-9544-52EBD24ABFB9}.Debug|Any CPU.ActiveCfg = Debug|Any CPU
		{1CAEF723-CA39-4CB9-9544-52EBD24ABFB9}.Debug|Any CPU.Build.0 = Debug|Any CPU
		{1CAEF723-CA39-4CB9-9544-52EBD24ABFB9}.Release|Any CPU.ActiveCfg = Release|Any CPU
		{1CAEF723-CA39-4CB9-9544-52EBD24ABFB9}.Release|Any CPU.Build.0 = Release|Any CPU
		{CB417CDE-9B2C-4442-846F-A3A52FA2D3A7}.Debug|Any CPU.ActiveCfg = Debug|Any CPU
		{CB417CDE-9B2C-4442-846F-A3A52FA2D3A7}.Debug|Any CPU.Build.0 = Debug|Any CPU
		{CB417CDE-9B2C-4442-846F-A3A52FA2D3A7}.Release|Any CPU.ActiveCfg = Release|Any CPU
		{CB417CDE-9B2C-4442-846F-A3A52FA2D3A7}.Release|Any CPU.Build.0 = Release|Any CPU
		{16692DEB-C730-49D9-BC58-0E45852F5518}.Debug|Any CPU.ActiveCfg = Debug|Any CPU
		{16692DEB-C730-49D9-BC58-0E45852F5518}.Debug|Any CPU.Build.0 = Debug|Any CPU
		{16692DEB-C730-49D9-BC58-0E45852F5518}.Release|Any CPU.ActiveCfg = Release|Any CPU
		{16692DEB-C730-49D9-BC58-0E45852F5518}.Release|Any CPU.Build.0 = Release|Any CPU
	EndGlobalSection
	GlobalSection(SolutionProperties) = preSolution
		HideSolutionNode = FALSE
	EndGlobalSection
	GlobalSection(NestedProjects) = preSolution
		{A5C0C67C-718B-409B-9292-579ACD963556} = {4D98615D-416C-4D42-A7DA-3CD9EAE091E2}
		{E1B00BDB-96AB-4397-8AB3-4549703A4616} = {732913BE-6DC3-489C-AB91-9EDDF351999B}
		{4D98615D-416C-4D42-A7DA-3CD9EAE091E2} = {45B95242-360D-4AA9-B08F-5245C3571DD8}
		{732913BE-6DC3-489C-AB91-9EDDF351999B} = {45B95242-360D-4AA9-B08F-5245C3571DD8}
		{C3C54B3F-D9F1-41EA-B0E5-5D6A3066F06F} = {4D98615D-416C-4D42-A7DA-3CD9EAE091E2}
		{4BB07433-15BB-451D-B6C6-F97B9177FCE7} = {4D98615D-416C-4D42-A7DA-3CD9EAE091E2}
		{DD3AAF31-6BE1-4BBD-8BFB-F37A0D69372E} = {4D98615D-416C-4D42-A7DA-3CD9EAE091E2}
		{1CAEF723-CA39-4CB9-9544-52EBD24ABFB9} = {732913BE-6DC3-489C-AB91-9EDDF351999B}
		{CB417CDE-9B2C-4442-846F-A3A52FA2D3A7} = {732913BE-6DC3-489C-AB91-9EDDF351999B}
		{16692DEB-C730-49D9-BC58-0E45852F5518} = {732913BE-6DC3-489C-AB91-9EDDF351999B}
	EndGlobalSection
	GlobalSection(ExtensibilityGlobals) = postSolution
		SolutionGuid = {84ABF112-1659-489B-B5BC-5EB5B0231B3F}
	EndGlobalSection
EndGlobal
